
Microsoft Visual Studio Solution File, Format Version 12.00
# Visual Studio Version 17
VisualStudioVersion = 17.1.32210.238
MinimumVisualStudioVersion = 10.0.40219.1
Project("{FAE04EC0-301F-11D3-BF4B-00C04F79EFBC}") = "Robot", "Robot\Robot.csproj", "{CBA8A437-3A1E-4CD2-A659-37D217B62E12}"
EndProject
Global
	GlobalSection(SolutionConfigurationPlatforms) = preSolution
		Debug|Any CPU = Debug|Any CPU
		Release|Any CPU = Release|Any CPU
	EndGlobalSection
	GlobalSection(ProjectConfigurationPlatforms) = postSolution
		{CBA8A437-3A1E-4CD2-A659-37D217B62E12}.Debug|Any CPU.ActiveCfg = Debug|Any CPU
		{CBA8A437-3A1E-4CD2-A659-37D217B62E12}.Debug|Any CPU.Build.0 = Debug|Any CPU
		{CBA8A437-3A1E-4CD2-A659-37D217B62E12}.Release|Any CPU.ActiveCfg = Release|Any CPU
		{CBA8A437-3A1E-4CD2-A659-37D217B62E12}.Release|Any CPU.Build.0 = Release|Any CPU
	EndGlobalSection
	GlobalSection(SolutionProperties) = preSolution
		HideSolutionNode = FALSE
	EndGlobalSection
	GlobalSection(ExtensibilityGlobals) = postSolution
		SolutionGuid = {251B0590-12DA-46B3-9AEE-BB56B7F789B9}
	EndGlobalSection
EndGlobal
